// !$*UTF8*$!
{
	archiveVersion = 1;
	classes = {
	};
	objectVersion = 50;
	objects = {

/* Begin PBXBuildFile section */
		3D0DE31D2139CB9C003CE21D /* sample.png in Resources */ = {isa = PBXBuildFile; fileRef = 3D0DE31C2139CB9C003CE21D /* sample.png */; };
		3D0DE3202139CBDC003CE21D /* Main.storyboard in Resources */ = {isa = PBXBuildFile; fileRef = 3D0DE31E2139CBDC003CE21D /* Main.storyboard */; };
		3D0DE3212139CBDC003CE21D /* LaunchScreen.storyboard in Resources */ = {isa = PBXBuildFile; fileRef = 3D0DE31F2139CBDC003CE21D /* LaunchScreen.storyboard */; };
		3D1D7B37208F0002009B6E82 /* AppDelegate.swift in Sources */ = {isa = PBXBuildFile; fileRef = 3D1D7B36208F0002009B6E82 /* AppDelegate.swift */; };
		3D1D7B39208F0002009B6E82 /* ViewController.swift in Sources */ = {isa = PBXBuildFile; fileRef = 3D1D7B38208F0002009B6E82 /* ViewController.swift */; };
		3D1D7B3E208F0004009B6E82 /* Assets.xcassets in Resources */ = {isa = PBXBuildFile; fileRef = 3D1D7B3D208F0004009B6E82 /* Assets.xcassets */; };
		3D1D7B4E208F013B009B6E82 /* APRFramework.framework in Frameworks */ = {isa = PBXBuildFile; fileRef = 3D1D7B4D208F013B009B6E82 /* APRFramework.framework */; };
		62A0BD85CB12517E187AF786 /* Pods_Swift_Sample.framework in Frameworks */ = {isa = PBXBuildFile; fileRef = DD4A26ABB54DDC12DC465E8F /* Pods_Swift_Sample.framework */; };
/* End PBXBuildFile section */

/* Begin PBXFileReference section */
		0777CCCA55AD28DA10F6057B /* Pods-Swift-Sample.release.xcconfig */ = {isa = PBXFileReference; includeInIndex = 1; lastKnownFileType = text.xcconfig; name = "Pods-Swift-Sample.release.xcconfig"; path = "Pods/Target Support Files/Pods-Swift-Sample/Pods-Swift-Sample.release.xcconfig"; sourceTree = "<group>"; };
		122CA3C4E26F9335DF51FA02 /* Pods-Swift-Sample.debug.xcconfig */ = {isa = PBXFileReference; includeInIndex = 1; lastKnownFileType = text.xcconfig; name = "Pods-Swift-Sample.debug.xcconfig"; path = "Pods/Target Support Files/Pods-Swift-Sample/Pods-Swift-Sample.debug.xcconfig"; sourceTree = "<group>"; };
		3D0DE31C2139CB9C003CE21D /* sample.png */ = {isa = PBXFileReference; lastKnownFileType = image.png; name = sample.png; path = screenshots/sample.png; sourceTree = "<group>"; };
		3D0DE31E2139CBDC003CE21D /* Main.storyboard */ = {isa = PBXFileReference; fileEncoding = 4; lastKnownFileType = file.storyboard; name = Main.storyboard; path = "Swift-Sample/Main.storyboard"; sourceTree = "<group>"; };
		3D0DE31F2139CBDC003CE21D /* LaunchScreen.storyboard */ = {isa = PBXFileReference; fileEncoding = 4; lastKnownFileType = file.storyboard; name = LaunchScreen.storyboard; path = "Swift-Sample/LaunchScreen.storyboard"; sourceTree = "<group>"; };
		3D1D7B33208F0002009B6E82 /* Swift-Sample.app */ = {isa = PBXFileReference; explicitFileType = wrapper.application; includeInIndex = 0; path = "Swift-Sample.app"; sourceTree = BUILT_PRODUCTS_DIR; };
		3D1D7B36208F0002009B6E82 /* AppDelegate.swift */ = {isa = PBXFileReference; lastKnownFileType = sourcecode.swift; name = AppDelegate.swift; path = "Swift-Sample/AppDelegate.swift"; sourceTree = "<group>"; };
		3D1D7B38208F0002009B6E82 /* ViewController.swift */ = {isa = PBXFileReference; lastKnownFileType = sourcecode.swift; name = ViewController.swift; path = "Swift-Sample/ViewController.swift"; sourceTree = "<group>"; };
		3D1D7B3D208F0004009B6E82 /* Assets.xcassets */ = {isa = PBXFileReference; lastKnownFileType = folder.assetcatalog; name = Assets.xcassets; path = "Swift-Sample/Assets.xcassets"; sourceTree = "<group>"; };
		3D1D7B42208F0004009B6E82 /* Info.plist */ = {isa = PBXFileReference; lastKnownFileType = text.plist.xml; name = Info.plist; path = "Swift-Sample/Info.plist"; sourceTree = "<group>"; };
		3D1D7B4D208F013B009B6E82 /* APRFramework.framework */ = {isa = PBXFileReference; lastKnownFileType = wrapper.framework; path = APRFramework.framework; sourceTree = "<group>"; };
		DD4A26ABB54DDC12DC465E8F /* Pods_Swift_Sample.framework */ = {isa = PBXFileReference; explicitFileType = wrapper.framework; includeInIndex = 0; path = Pods_Swift_Sample.framework; sourceTree = BUILT_PRODUCTS_DIR; };
/* End PBXFileReference section */

/* Begin PBXFrameworksBuildPhase section */
		3D1D7B30208F0002009B6E82 /* Frameworks */ = {
			isa = PBXFrameworksBuildPhase;
			buildActionMask = 2147483647;
			files = (
				3D1D7B4E208F013B009B6E82 /* APRFramework.framework in Frameworks */,
				62A0BD85CB12517E187AF786 /* Pods_Swift_Sample.framework in Frameworks */,
			);
			runOnlyForDeploymentPostprocessing = 0;
		};
/* End PBXFrameworksBuildPhase section */

/* Begin PBXGroup section */
		3D1D7B2A208F0002009B6E82 = {
			isa = PBXGroup;
			children = (
				3D1D7B36208F0002009B6E82 /* AppDelegate.swift */,
				3D1D7B38208F0002009B6E82 /* ViewController.swift */,
				3D0DE31F2139CBDC003CE21D /* LaunchScreen.storyboard */,
				3D0DE31E2139CBDC003CE21D /* Main.storyboard */,
				3D1D7B3D208F0004009B6E82 /* Assets.xcassets */,
				3D1D7B42208F0004009B6E82 /* Info.plist */,
				3D0DE31C2139CB9C003CE21D /* sample.png */,
				3D1D7B34208F0002009B6E82 /* Products */,
				3D1D7B48208F00DF009B6E82 /* Frameworks */,
				63BB5048C6CB230A7AD6CBE5 /* Pods */,
			);
			sourceTree = "<group>";
		};
		3D1D7B34208F0002009B6E82 /* Products */ = {
			isa = PBXGroup;
			children = (
				3D1D7B33208F0002009B6E82 /* Swift-Sample.app */,
			);
			name = Products;
			sourceTree = "<group>";
		};
		3D1D7B48208F00DF009B6E82 /* Frameworks */ = {
			isa = PBXGroup;
			children = (
				3D1D7B4D208F013B009B6E82 /* APRFramework.framework */,
				DD4A26ABB54DDC12DC465E8F /* Pods_Swift_Sample.framework */,
			);
			name = Frameworks;
			sourceTree = "<group>";
		};
		63BB5048C6CB230A7AD6CBE5 /* Pods */ = {
			isa = PBXGroup;
			children = (
				122CA3C4E26F9335DF51FA02 /* Pods-Swift-Sample.debug.xcconfig */,
				0777CCCA55AD28DA10F6057B /* Pods-Swift-Sample.release.xcconfig */,
			);
			name = Pods;
			sourceTree = "<group>";
		};
/* End PBXGroup section */

/* Begin PBXNativeTarget section */
		3D1D7B32208F0002009B6E82 /* Swift-Sample */ = {
			isa = PBXNativeTarget;
			buildConfigurationList = 3D1D7B45208F0004009B6E82 /* Build configuration list for PBXNativeTarget "Swift-Sample" */;
			buildPhases = (
				B0F014E1DEC88B8CD3583DF5 /* [CP] Check Pods Manifest.lock */,
				3D1D7B2F208F0002009B6E82 /* Sources */,
				3D1D7B30208F0002009B6E82 /* Frameworks */,
				3D1D7B31208F0002009B6E82 /* Resources */,
				5C7745E206613F78AD71CF88 /* [CP] Embed Pods Frameworks */,
			);
			buildRules = (
			);
			dependencies = (
			);
			name = "Swift-Sample";
			productName = "AppRackSample-Swift";
			productReference = 3D1D7B33208F0002009B6E82 /* Swift-Sample.app */;
			productType = "com.apple.product-type.application";
		};
/* End PBXNativeTarget section */

/* Begin PBXProject section */
		3D1D7B2B208F0002009B6E82 /* Project object */ = {
			isa = PBXProject;
			attributes = {
				LastSwiftUpdateCheck = 0930;
				LastUpgradeCheck = 0930;
				ORGANIZATIONNAME = apprack.io;
				TargetAttributes = {
					3D1D7B32208F0002009B6E82 = {
						CreatedOnToolsVersion = 9.3;
					};
				};
			};
			buildConfigurationList = 3D1D7B2E208F0002009B6E82 /* Build configuration list for PBXProject "Swift-Sample" */;
			compatibilityVersion = "Xcode 9.3";
			developmentRegion = en;
			hasScannedForEncodings = 0;
			knownRegions = (
				en,
				Base,
			);
			mainGroup = 3D1D7B2A208F0002009B6E82;
			productRefGroup = 3D1D7B34208F0002009B6E82 /* Products */;
			projectDirPath = "";
			projectRoot = "";
			targets = (
				3D1D7B32208F0002009B6E82 /* Swift-Sample */,
			);
		};
/* End PBXProject section */

/* Begin PBXResourcesBuildPhase section */
		3D1D7B31208F0002009B6E82 /* Resources */ = {
			isa = PBXResourcesBuildPhase;
			buildActionMask = 2147483647;
			files = (
				3D0DE3202139CBDC003CE21D /* Main.storyboard in Resources */,
				3D0DE3212139CBDC003CE21D /* LaunchScreen.storyboard in Resources */,
				3D1D7B3E208F0004009B6E82 /* Assets.xcassets in Resources */,
				3D0DE31D2139CB9C003CE21D /* sample.png in Resources */,
			);
			runOnlyForDeploymentPostprocessing = 0;
		};
/* End PBXResourcesBuildPhase section */

/* Begin PBXShellScriptBuildPhase section */
		5C7745E206613F78AD71CF88 /* [CP] Embed Pods Frameworks */ = {
			isa = PBXShellScriptBuildPhase;
			buildActionMask = 2147483647;
			files = (
			);
			inputPaths = (
				"${SRCROOT}/Pods/Target Support Files/Pods-Swift-Sample/Pods-Swift-Sample-frameworks.sh",
				"${PODS_ROOT}/apprack-SDK/Output/APRFramework-Release-iphoneuniversal/APRFramework.framework",
			);
			name = "[CP] Embed Pods Frameworks";
			outputPaths = (
				"${TARGET_BUILD_DIR}/${FRAMEWORKS_FOLDER_PATH}/APRFramework.framework",
			);
			runOnlyForDeploymentPostprocessing = 0;
			shellPath = /bin/sh;
			shellScript = "\"${SRCROOT}/Pods/Target Support Files/Pods-Swift-Sample/Pods-Swift-Sample-frameworks.sh\"\n";
			showEnvVarsInLog = 0;
		};
		B0F014E1DEC88B8CD3583DF5 /* [CP] Check Pods Manifest.lock */ = {
			isa = PBXShellScriptBuildPhase;
			buildActionMask = 2147483647;
			files = (
			);
			inputPaths = (
				"${PODS_PODFILE_DIR_PATH}/Podfile.lock",
				"${PODS_ROOT}/Manifest.lock",
			);
			name = "[CP] Check Pods Manifest.lock";
			outputPaths = (
				"$(DERIVED_FILE_DIR)/Pods-Swift-Sample-checkManifestLockResult.txt",
			);
			runOnlyForDeploymentPostprocessing = 0;
			shellPath = /bin/sh;
			shellScript = "diff \"${PODS_PODFILE_DIR_PATH}/Podfile.lock\" \"${PODS_ROOT}/Manifest.lock\" > /dev/null\nif [ $? != 0 ] ; then\n    # print error to STDERR\n    echo \"error: The sandbox is not in sync with the Podfile.lock. Run 'pod install' or update your CocoaPods installation.\" >&2\n    exit 1\nfi\n# This output is used by Xcode 'outputs' to avoid re-running this script phase.\necho \"SUCCESS\" > \"${SCRIPT_OUTPUT_FILE_0}\"\n";
			showEnvVarsInLog = 0;
		};
/* End PBXShellScriptBuildPhase section */

/* Begin PBXSourcesBuildPhase section */
		3D1D7B2F208F0002009B6E82 /* Sources */ = {
			isa = PBXSourcesBuildPhase;
			buildActionMask = 2147483647;
			files = (
				3D1D7B39208F0002009B6E82 /* ViewController.swift in Sources */,
				3D1D7B37208F0002009B6E82 /* AppDelegate.swift in Sources */,
			);
			runOnlyForDeploymentPostprocessing = 0;
		};
/* End PBXSourcesBuildPhase section */

/* Begin XCBuildConfiguration section */
		3D1D7B43208F0004009B6E82 /* Debug */ = {
			isa = XCBuildConfiguration;
			buildSettings = {
				ALWAYS_SEARCH_USER_PATHS = NO;
				CLANG_ANALYZER_NONNULL = YES;
				CLANG_ANALYZER_NUMBER_OBJECT_CONVERSION = YES_AGGRESSIVE;
				CLANG_CXX_LANGUAGE_STANDARD = "gnu++14";
				CLANG_CXX_LIBRARY = "libc++";
				CLANG_ENABLE_MODULES = YES;
				CLANG_ENABLE_OBJC_ARC = YES;
				CLANG_ENABLE_OBJC_WEAK = YES;
				CLANG_WARN_BLOCK_CAPTURE_AUTORELEASING = YES;
				CLANG_WARN_BOOL_CONVERSION = YES;
				CLANG_WARN_COMMA = YES;
				CLANG_WARN_CONSTANT_CONVERSION = YES;
				CLANG_WARN_DEPRECATED_OBJC_IMPLEMENTATIONS = YES;
				CLANG_WARN_DIRECT_OBJC_ISA_USAGE = YES_ERROR;
				CLANG_WARN_DOCUMENTATION_COMMENTS = YES;
				CLANG_WARN_EMPTY_BODY = YES;
				CLANG_WARN_ENUM_CONVERSION = YES;
				CLANG_WARN_INFINITE_RECURSION = YES;
				CLANG_WARN_INT_CONVERSION = YES;
				CLANG_WARN_NON_LITERAL_NULL_CONVERSION = YES;
				CLANG_WARN_OBJC_IMPLICIT_RETAIN_SELF = YES;
				CLANG_WARN_OBJC_LITERAL_CONVERSION = YES;
				CLANG_WARN_OBJC_ROOT_CLASS = YES_ERROR;
				CLANG_WARN_RANGE_LOOP_ANALYSIS = YES;
				CLANG_WARN_STRICT_PROTOTYPES = YES;
				CLANG_WARN_SUSPICIOUS_MOVE = YES;
				CLANG_WARN_UNGUARDED_AVAILABILITY = YES_AGGRESSIVE;
				CLANG_WARN_UNREACHABLE_CODE = YES;
				CLANG_WARN__DUPLICATE_METHOD_MATCH = YES;
				CODE_SIGN_IDENTITY = "iPhone Developer";
				COPY_PHASE_STRIP = NO;
				DEBUG_INFORMATION_FORMAT = dwarf;
				ENABLE_STRICT_OBJC_MSGSEND = YES;
				ENABLE_TESTABILITY = YES;
				GCC_C_LANGUAGE_STANDARD = gnu11;
				GCC_DYNAMIC_NO_PIC = NO;
				GCC_NO_COMMON_BLOCKS = YES;
				GCC_OPTIMIZATION_LEVEL = 0;
				GCC_PREPROCESSOR_DEFINITIONS = (
					"DEBUG=1",
					"$(inherited)",
				);
				GCC_WARN_64_TO_32_BIT_CONVERSION = YES;
				GCC_WARN_ABOUT_RETURN_TYPE = YES_ERROR;
				GCC_WARN_UNDECLARED_SELECTOR = YES;
				GCC_WARN_UNINITIALIZED_AUTOS = YES_AGGRESSIVE;
				GCC_WARN_UNUSED_FUNCTION = YES;
				GCC_WARN_UNUSED_VARIABLE = YES;
				IPHONEOS_DEPLOYMENT_TARGET = 11.4;
				MTL_ENABLE_DEBUG_INFO = YES;
				ONLY_ACTIVE_ARCH = YES;
				SDKROOT = iphoneos;
				SWIFT_ACTIVE_COMPILATION_CONDITIONS = DEBUG;
				SWIFT_OPTIMIZATION_LEVEL = "-Onone";
			};
			name = Debug;
		};
		3D1D7B44208F0004009B6E82 /* Release */ = {
			isa = XCBuildConfiguration;
			buildSettings = {
				ALWAYS_SEARCH_USER_PATHS = NO;
				CLANG_ANALYZER_NONNULL = YES;
				CLANG_ANALYZER_NUMBER_OBJECT_CONVERSION = YES_AGGRESSIVE;
				CLANG_CXX_LANGUAGE_STANDARD = "gnu++14";
				CLANG_CXX_LIBRARY = "libc++";
				CLANG_ENABLE_MODULES = YES;
				CLANG_ENABLE_OBJC_ARC = YES;
				CLANG_ENABLE_OBJC_WEAK = YES;
				CLANG_WARN_BLOCK_CAPTURE_AUTORELEASING = YES;
				CLANG_WARN_BOOL_CONVERSION = YES;
				CLANG_WARN_COMMA = YES;
				CLANG_WARN_CONSTANT_CONVERSION = YES;
				CLANG_WARN_DEPRECATED_OBJC_IMPLEMENTATIONS = YES;
				CLANG_WARN_DIRECT_OBJC_ISA_USAGE = YES_ERROR;
				CLANG_WARN_DOCUMENTATION_COMMENTS = YES;
				CLANG_WARN_EMPTY_BODY = YES;
				CLANG_WARN_ENUM_CONVERSION = YES;
				CLANG_WARN_INFINITE_RECURSION = YES;
				CLANG_WARN_INT_CONVERSION = YES;
				CLANG_WARN_NON_LITERAL_NULL_CONVERSION = YES;
				CLANG_WARN_OBJC_IMPLICIT_RETAIN_SELF = YES;
				CLANG_WARN_OBJC_LITERAL_CONVERSION = YES;
				CLANG_WARN_OBJC_ROOT_CLASS = YES_ERROR;
				CLANG_WARN_RANGE_LOOP_ANALYSIS = YES;
				CLANG_WARN_STRICT_PROTOTYPES = YES;
				CLANG_WARN_SUSPICIOUS_MOVE = YES;
				CLANG_WARN_UNGUARDED_AVAILABILITY = YES_AGGRESSIVE;
				CLANG_WARN_UNREACHABLE_CODE = YES;
				CLANG_WARN__DUPLICATE_METHOD_MATCH = YES;
				CODE_SIGN_IDENTITY = "iPhone Developer";
				COPY_PHASE_STRIP = NO;
				DEBUG_INFORMATION_FORMAT = "dwarf-with-dsym";
				ENABLE_NS_ASSERTIONS = NO;
				ENABLE_STRICT_OBJC_MSGSEND = YES;
				GCC_C_LANGUAGE_STANDARD = gnu11;
				GCC_NO_COMMON_BLOCKS = YES;
				GCC_WARN_64_TO_32_BIT_CONVERSION = YES;
				GCC_WARN_ABOUT_RETURN_TYPE = YES_ERROR;
				GCC_WARN_UNDECLARED_SELECTOR = YES;
				GCC_WARN_UNINITIALIZED_AUTOS = YES_AGGRESSIVE;
				GCC_WARN_UNUSED_FUNCTION = YES;
				GCC_WARN_UNUSED_VARIABLE = YES;
				IPHONEOS_DEPLOYMENT_TARGET = 11.4;
				MTL_ENABLE_DEBUG_INFO = NO;
				SDKROOT = iphoneos;
				SWIFT_COMPILATION_MODE = wholemodule;
				SWIFT_OPTIMIZATION_LEVEL = "-O";
				VALIDATE_PRODUCT = YES;
			};
			name = Release;
		};
		3D1D7B46208F0004009B6E82 /* Debug */ = {
			isa = XCBuildConfiguration;
			baseConfigurationReference = 122CA3C4E26F9335DF51FA02 /* Pods-Swift-Sample.debug.xcconfig */;
			buildSettings = {
				ASSETCATALOG_COMPILER_APPICON_NAME = AppIcon;
				CODE_SIGN_STYLE = Automatic;
				DEVELOPMENT_TEAM = "";
				FRAMEWORK_SEARCH_PATHS = (
					"$(inherited)",
					"$(PROJECT_DIR)",
				);
				INFOPLIST_FILE = "Swift-Sample/Info.plist";
				LD_RUNPATH_SEARCH_PATHS = (
					"$(inherited)",
					"@executable_path/Frameworks",
				);
				PRODUCT_BUNDLE_IDENTIFIER = io.apprack.ios.sdk.sample.swift;
				PRODUCT_NAME = "$(TARGET_NAME)";
				SWIFT_VERSION = 4.0;
				TARGETED_DEVICE_FAMILY = "1,2";
			};
			name = Debug;
		};
		3D1D7B47208F0004009B6E82 /* Release */ = {
			isa = XCBuildConfiguration;
			baseConfigurationReference = 0777CCCA55AD28DA10F6057B /* Pods-Swift-Sample.release.xcconfig */;
			buildSettings = {
				ASSETCATALOG_COMPILER_APPICON_NAME = AppIcon;
				CODE_SIGN_STYLE = Automatic;
				DEVELOPMENT_TEAM = "";
				FRAMEWORK_SEARCH_PATHS = (
					"$(inherited)",
					"$(PROJECT_DIR)",
				);
				INFOPLIST_FILE = "Swift-Sample/Info.plist";
				LD_RUNPATH_SEARCH_PATHS = (
					"$(inherited)",
					"@executable_path/Frameworks",
				);
				PRODUCT_BUNDLE_IDENTIFIER = io.apprack.ios.sdk.sample.swift;
				PRODUCT_NAME = "$(TARGET_NAME)";
				SWIFT_VERSION = 4.0;
				TARGETED_DEVICE_FAMILY = "1,2";
			};
			name = Release;
		};
/* End XCBuildConfiguration section */

/* Begin XCConfigurationList section */
		3D1D7B2E208F0002009B6E82 /* Build configuration list for PBXProject "Swift-Sample" */ = {
			isa = XCConfigurationList;
			buildConfigurations = (
				3D1D7B43208F0004009B6E82 /* Debug */,
				3D1D7B44208F0004009B6E82 /* Release */,
			);
			defaultConfigurationIsVisible = 0;
			defaultConfigurationName = Release;
		};
		3D1D7B45208F0004009B6E82 /* Build configuration list for PBXNativeTarget "Swift-Sample" */ = {
			isa = XCConfigurationList;
			buildConfigurations = (
				3D1D7B46208F0004009B6E82 /* Debug */,
				3D1D7B47208F0004009B6E82 /* Release */,
			);
			defaultConfigurationIsVisible = 0;
			defaultConfigurationName = Release;
		};
/* End XCConfigurationList section */
	};
	rootObject = 3D1D7B2B208F0002009B6E82 /* Project object */;
}
